
Microsoft Visual Studio Solution File, Format Version 12.00
# Visual Studio Version 17
VisualStudioVersion = 17.3.32922.545
MinimumVisualStudioVersion = 10.0.40219.1
Project("{8BC9CEB8-8B4A-11D0-8D11-00A0C91BC942}") = "IntToRoman", "IntToRoman.vcxproj", "{9F6C8996-8A70-4090-A92A-6B10A0433662}"
EndProject
Global
	GlobalSection(SolutionConfigurationPlatforms) = preSolution
		Debug|x64 = Debug|x64
		Debug|x86 = Debug|x86
		Release|x64 = Release|x64
		Release|x86 = Release|x86
	EndGlobalSection
	GlobalSection(ProjectConfigurationPlatforms) = postSolution
		{9F6C8996-8A70-4090-A92A-6B10A0433662}.Debug|x64.ActiveCfg = Debug|x64
		{9F6C8996-8A70-4090-A92A-6B10A0433662}.Debug|x64.Build.0 = Debug|x64
		{9F6C8996-8A70-4090-A92A-6B10A0433662}.Debug|x86.ActiveCfg = Debug|Win32
		{9F6C8996-8A70-4090-A92A-6B10A0433662}.Debug|x86.Build.0 = Debug|Win32
		{9F6C8996-8A70-4090-A92A-6B10A0433662}.Release|x64.ActiveCfg = Release|x64
		{9F6C8996-8A70-4090-A92A-6B10A0433662}.Release|x64.Build.0 = Release|x64
		{9F6C8996-8A70-4090-A92A-6B10A0433662}.Release|x86.ActiveCfg = Release|Win32
		{9F6C8996-8A70-4090-A92A-6B10A0433662}.Release|x86.Build.0 = Release|Win32
	EndGlobalSection
	GlobalSection(SolutionProperties) = preSolution
		HideSolutionNode = FALSE
	EndGlobalSection
	GlobalSection(ExtensibilityGlobals) = postSolution
		SolutionGuid = {78679D70-DF83-4580-8DE4-73BE5A45DE39}
	EndGlobalSection
EndGlobal
